
Microsoft Visual Studio Solution File, Format Version 12.00
# Visual Studio Version 17
VisualStudioVersion = 17.9.34723.18
MinimumVisualStudioVersion = 10.0.40219.1
Project("{FAE04EC0-301F-11D3-BF4B-00C04F79EFBC}") = "LINQ", "LINQ\LINQ.csproj", "{42783BA7-8A9C-49BF-9383-F673940BC871}"
EndProject
Project("{FAE04EC0-301F-11D3-BF4B-00C04F79EFBC}") = "Collections", "Collections\Collections.csproj", "{2195CA2A-E5FF-4BE4-90B1-6438D6268E2D}"
EndProject
Global
	GlobalSection(SolutionConfigurationPlatforms) = preSolution
		Debug|Any CPU = Debug|Any CPU
		Release|Any CPU = Release|Any CPU
	EndGlobalSection
	GlobalSection(ProjectConfigurationPlatforms) = postSolution
		{42783BA7-8A9C-49BF-9383-F673940BC871}.Debug|Any CPU.ActiveCfg = Debug|Any CPU
		{42783BA7-8A9C-49BF-9383-F673940BC871}.Debug|Any CPU.Build.0 = Debug|Any CPU
		{42783BA7-8A9C-49BF-9383-F673940BC871}.Release|Any CPU.ActiveCfg = Release|Any CPU
		{42783BA7-8A9C-49BF-9383-F673940BC871}.Release|Any CPU.Build.0 = Release|Any CPU
		{2195CA2A-E5FF-4BE4-90B1-6438D6268E2D}.Debug|Any CPU.ActiveCfg = Debug|Any CPU
		{2195CA2A-E5FF-4BE4-90B1-6438D6268E2D}.Debug|Any CPU.Build.0 = Debug|Any CPU
		{2195CA2A-E5FF-4BE4-90B1-6438D6268E2D}.Release|Any CPU.ActiveCfg = Release|Any CPU
		{2195CA2A-E5FF-4BE4-90B1-6438D6268E2D}.Release|Any CPU.Build.0 = Release|Any CPU
	EndGlobalSection
	GlobalSection(SolutionProperties) = preSolution
		HideSolutionNode = FALSE
	EndGlobalSection
	GlobalSection(ExtensibilityGlobals) = postSolution
		SolutionGuid = {FA4FD8FB-E2B7-4643-99CC-D730FEC21DA0}
	EndGlobalSection
EndGlobal
